// !$*UTF8*$!
{
	archiveVersion = 1;
	classes = {
	};
	objectVersion = 46;
	objects = {

/* Begin PBXBuildFile section */
		A8479B711EC9595400E0ACF4 /* Main.storyboard in Resources */ = {isa = PBXBuildFile; fileRef = A8479B6F1EC9595400E0ACF4 /* Main.storyboard */; };
		A8479B731EC9595400E0ACF4 /* Assets.xcassets in Resources */ = {isa = PBXBuildFile; fileRef = A8479B721EC9595400E0ACF4 /* Assets.xcassets */; };
		A8479B761EC9595400E0ACF4 /* LaunchScreen.storyboard in Resources */ = {isa = PBXBuildFile; fileRef = A8479B741EC9595400E0ACF4 /* LaunchScreen.storyboard */; };
		A8479B811EC9595500E0ACF4 /* animalShopTests.m in Sources */ = {isa = PBXBuildFile; fileRef = A8479B801EC9595500E0ACF4 /* animalShopTests.m */; };
		A8479B8C1EC9595500E0ACF4 /* animalShopUITests.m in Sources */ = {isa = PBXBuildFile; fileRef = A8479B8B1EC9595500E0ACF4 /* animalShopUITests.m */; };
		A8479BA21EC95BA700E0ACF4 /* Info.plist in Resources */ = {isa = PBXBuildFile; fileRef = A8479B9A1EC95BA700E0ACF4 /* Info.plist */; };
		A8479BA31EC95BA700E0ACF4 /* main.m in Sources */ = {isa = PBXBuildFile; fileRef = A8479B9B1EC95BA700E0ACF4 /* main.m */; };
		A8479BA41EC95BA700E0ACF4 /* AppDelegate.m in Sources */ = {isa = PBXBuildFile; fileRef = A8479B9E1EC95BA700E0ACF4 /* AppDelegate.m */; };
		A8479BA51EC95BA700E0ACF4 /* WBMainVC.m in Sources */ = {isa = PBXBuildFile; fileRef = A8479BA11EC95BA700E0ACF4 /* WBMainVC.m */; };
		A8479BA81EC95C8F00E0ACF4 /* WBTabBar.m in Sources */ = {isa = PBXBuildFile; fileRef = A8479BA71EC95C8F00E0ACF4 /* WBTabBar.m */; };
		A8479BAD1EC97D7400E0ACF4 /* WBCircleVC.m in Sources */ = {isa = PBXBuildFile; fileRef = A8479BAC1EC97D7400E0ACF4 /* WBCircleVC.m */; };
		A8479BB31EC97DA300E0ACF4 /* WBMineVC.m in Sources */ = {isa = PBXBuildFile; fileRef = A8479BB21EC97DA300E0ACF4 /* WBMineVC.m */; };
		A8479BB61EC9843400E0ACF4 /* WBNavC.m in Sources */ = {isa = PBXBuildFile; fileRef = A8479BB51EC9843400E0ACF4 /* WBNavC.m */; };
		A8479BBC1EC987FE00E0ACF4 /* PussCollectionViewCell.m in Sources */ = {isa = PBXBuildFile; fileRef = A8479BB91EC987FE00E0ACF4 /* PussCollectionViewCell.m */; };
		A8479BBD1EC987FE00E0ACF4 /* PussBannerView.m in Sources */ = {isa = PBXBuildFile; fileRef = A8479BBB1EC987FE00E0ACF4 /* PussBannerView.m */; };
		A8479BC01EC992E300E0ACF4 /* UIView+ZY.m in Sources */ = {isa = PBXBuildFile; fileRef = A8479BBF1EC992E300E0ACF4 /* UIView+ZY.m */; };
		A8479BCF1EC99E3400E0ACF4 /* WBAnimalJump.m in Sources */ = {isa = PBXBuildFile; fileRef = A8479BCE1EC99E3400E0ACF4 /* WBAnimalJump.m */; };
		A88E20301ECD774700E7EDC3 /* WBCircleDetialVC.m in Sources */ = {isa = PBXBuildFile; fileRef = A88E202E1ECD774700E7EDC3 /* WBCircleDetialVC.m */; };
		A88E20311ECD774700E7EDC3 /* WBCircleDetialVC.xib in Resources */ = {isa = PBXBuildFile; fileRef = A88E202F1ECD774700E7EDC3 /* WBCircleDetialVC.xib */; };
		A88F17BD1ECBF7FE00F93BDA /* registeVC.m in Sources */ = {isa = PBXBuildFile; fileRef = A88F17B81ECBF7FE00F93BDA /* registeVC.m */; };
		A88F17BE1ECBF7FE00F93BDA /* registeVC.xib in Resources */ = {isa = PBXBuildFile; fileRef = A88F17B91ECBF7FE00F93BDA /* registeVC.xib */; };
		A88F17BF1ECBF7FE00F93BDA /* LoginViewC.m in Sources */ = {isa = PBXBuildFile; fileRef = A88F17BB1ECBF7FE00F93BDA /* LoginViewC.m */; };
		A88F17C01ECBF7FE00F93BDA /* LoginViewC.xib in Resources */ = {isa = PBXBuildFile; fileRef = A88F17BC1ECBF7FE00F93BDA /* LoginViewC.xib */; };
		A88F17C41ECC507C00F93BDA /* WBCircleHeaderView.m in Sources */ = {isa = PBXBuildFile; fileRef = A88F17C31ECC507C00F93BDA /* WBCircleHeaderView.m */; };
		A88F17C61ECC508800F93BDA /* WBCircleHeaderView.xib in Resources */ = {isa = PBXBuildFile; fileRef = A88F17C51ECC508800F93BDA /* WBCircleHeaderView.xib */; };
		A88F17CA1ECC6C7700F93BDA /* WBCircleCell.m in Sources */ = {isa = PBXBuildFile; fileRef = A88F17C81ECC6C7700F93BDA /* WBCircleCell.m */; };
		A88F17CB1ECC6C7700F93BDA /* WBCircleCell.xib in Resources */ = {isa = PBXBuildFile; fileRef = A88F17C91ECC6C7700F93BDA /* WBCircleCell.xib */; };
		A8AC4B821ECAF6A500DD5FBF /* WBMineVC.xib in Resources */ = {isa = PBXBuildFile; fileRef = A8AC4B811ECAF6A500DD5FBF /* WBMineVC.xib */; };
		A8AC4B861ECAFD1F00DD5FBF /* userTokenTool.m in Sources */ = {isa = PBXBuildFile; fileRef = A8AC4B851ECAFD1F00DD5FBF /* userTokenTool.m */; };
		A8AC4B8D1ECB189F00DD5FBF /* WBEditCell.m in Sources */ = {isa = PBXBuildFile; fileRef = A8AC4B8B1ECB189F00DD5FBF /* WBEditCell.m */; };
		A8AC4B8E1ECB189F00DD5FBF /* WBEditCell.xib in Resources */ = {isa = PBXBuildFile; fileRef = A8AC4B8C1ECB189F00DD5FBF /* WBEditCell.xib */; };
		A8AC4B941ECB26FC00DD5FBF /* WBLoginBtn.m in Sources */ = {isa = PBXBuildFile; fileRef = A8AC4B931ECB26FC00DD5FBF /* WBLoginBtn.m */; };
		DC8A0DA7520F71932833C5E8 /* Pods_animalShop.framework in Frameworks */ = {isa = PBXBuildFile; fileRef = 30E24F5D147AD7973B8459B3 /* Pods_animalShop.framework */; };
		E94F769C1ECB47040086FBAE /* NewsCell.m in Sources */ = {isa = PBXBuildFile; fileRef = E94F769A1ECB47040086FBAE /* NewsCell.m */; };
		E94F769D1ECB47040086FBAE /* NewsCell.xib in Resources */ = {isa = PBXBuildFile; fileRef = E94F769B1ECB47040086FBAE /* NewsCell.xib */; };
		E94F76A31ECB471B0086FBAE /* DetailController.m in Sources */ = {isa = PBXBuildFile; fileRef = E94F769F1ECB471B0086FBAE /* DetailController.m */; };
		E94F76A41ECB471B0086FBAE /* DetailController.xib in Resources */ = {isa = PBXBuildFile; fileRef = E94F76A01ECB471B0086FBAE /* DetailController.xib */; };
		E94F76A51ECB471B0086FBAE /* NewsViewController.m in Sources */ = {isa = PBXBuildFile; fileRef = E94F76A21ECB471B0086FBAE /* NewsViewController.m */; };
		E9ED9D321ECC9E3400F5481B /* json.txt in Resources */ = {isa = PBXBuildFile; fileRef = E9ED9D311ECC9E3400F5481B /* json.txt */; };
		E9ED9D351ECCA01C00F5481B /* DogViewController.m in Sources */ = {isa = PBXBuildFile; fileRef = E9ED9D341ECCA01C00F5481B /* DogViewController.m */; };
		E9ED9D391ECDE90B00F5481B /* AnimalKindsCell.m in Sources */ = {isa = PBXBuildFile; fileRef = E9ED9D371ECDE90B00F5481B /* AnimalKindsCell.m */; };
		E9ED9D3A1ECDE90B00F5481B /* AnimalKindsCell.xib in Resources */ = {isa = PBXBuildFile; fileRef = E9ED9D381ECDE90B00F5481B /* AnimalKindsCell.xib */; };
		E9ED9D3E1ECDEA6200F5481B /* AnimalModel.m in Sources */ = {isa = PBXBuildFile; fileRef = E9ED9D3D1ECDEA6200F5481B /* AnimalModel.m */; };
		E9ED9D411ECDEF3C00F5481B /* CatViewController.m in Sources */ = {isa = PBXBuildFile; fileRef = E9ED9D401ECDEF3C00F5481B /* CatViewController.m */; };
		E9ED9D441ECDEF5100F5481B /* RatViewController.m in Sources */ = {isa = PBXBuildFile; fileRef = E9ED9D431ECDEF5100F5481B /* RatViewController.m */; };
		E9ED9D471ECDEF5B00F5481B /* BirdViewController.m in Sources */ = {isa = PBXBuildFile; fileRef = E9ED9D461ECDEF5B00F5481B /* BirdViewController.m */; };
		E9ED9D4A1ECDEF6900F5481B /* FishViewController.m in Sources */ = {isa = PBXBuildFile; fileRef = E9ED9D491ECDEF6900F5481B /* FishViewController.m */; };
		E9ED9D4D1ECDEF7300F5481B /* RabbitViewController.m in Sources */ = {isa = PBXBuildFile; fileRef = E9ED9D4C1ECDEF7300F5481B /* RabbitViewController.m */; };
/* End PBXBuildFile section */

/* Begin PBXContainerItemProxy section */
		A8479B7D1EC9595500E0ACF4 /* PBXContainerItemProxy */ = {
			isa = PBXContainerItemProxy;
			containerPortal = A8479B5B1EC9595300E0ACF4 /* Project object */;
			proxyType = 1;
			remoteGlobalIDString = A8479B621EC9595300E0ACF4;
			remoteInfo = animalShop;
		};
		A8479B881EC9595500E0ACF4 /* PBXContainerItemProxy */ = {
			isa = PBXContainerItemProxy;
			containerPortal = A8479B5B1EC9595300E0ACF4 /* Project object */;
			proxyType = 1;
			remoteGlobalIDString = A8479B621EC9595300E0ACF4;
			remoteInfo = animalShop;
		};
/* End PBXContainerItemProxy section */

/* Begin PBXFileReference section */
		30E24F5D147AD7973B8459B3 /* Pods_animalShop.framework */ = {isa = PBXFileReference; explicitFileType = wrapper.framework; includeInIndex = 0; path = Pods_animalShop.framework; sourceTree = BUILT_PRODUCTS_DIR; };
		77560CB81CE30DE682335C7D /* Pods-animalShop.debug.xcconfig */ = {isa = PBXFileReference; includeInIndex = 1; lastKnownFileType = text.xcconfig; name = "Pods-animalShop.debug.xcconfig"; path = "Pods/Target Support Files/Pods-animalShop/Pods-animalShop.debug.xcconfig"; sourceTree = "<group>"; };
		A8479B631EC9595400E0ACF4 /* animalShop.app */ = {isa = PBXFileReference; explicitFileType = wrapper.application; includeInIndex = 0; path = animalShop.app; sourceTree = BUILT_PRODUCTS_DIR; };
		A8479B701EC9595400E0ACF4 /* Base */ = {isa = PBXFileReference; lastKnownFileType = file.storyboard; name = Base; path = Base.lproj/Main.storyboard; sourceTree = "<group>"; };
		A8479B721EC9595400E0ACF4 /* Assets.xcassets */ = {isa = PBXFileReference; lastKnownFileType = folder.assetcatalog; path = Assets.xcassets; sourceTree = "<group>"; };
		A8479B751EC9595400E0ACF4 /* Base */ = {isa = PBXFileReference; lastKnownFileType = file.storyboard; name = Base; path = Base.lproj/LaunchScreen.storyboard; sourceTree = "<group>"; };
		A8479B7C1EC9595500E0ACF4 /* animalShopTests.xctest */ = {isa = PBXFileReference; explicitFileType = wrapper.cfbundle; includeInIndex = 0; path = animalShopTests.xctest; sourceTree = BUILT_PRODUCTS_DIR; };
		A8479B801EC9595500E0ACF4 /* animalShopTests.m */ = {isa = PBXFileReference; lastKnownFileType = sourcecode.c.objc; path = animalShopTests.m; sourceTree = "<group>"; };
		A8479B821EC9595500E0ACF4 /* Info.plist */ = {isa = PBXFileReference; lastKnownFileType = text.plist.xml; path = Info.plist; sourceTree = "<group>"; };
		A8479B871EC9595500E0ACF4 /* animalShopUITests.xctest */ = {isa = PBXFileReference; explicitFileType = wrapper.cfbundle; includeInIndex = 0; path = animalShopUITests.xctest; sourceTree = BUILT_PRODUCTS_DIR; };
		A8479B8B1EC9595500E0ACF4 /* animalShopUITests.m */ = {isa = PBXFileReference; lastKnownFileType = sourcecode.c.objc; path = animalShopUITests.m; sourceTree = "<group>"; };
		A8479B8D1EC9595500E0ACF4 /* Info.plist */ = {isa = PBXFileReference; lastKnownFileType = text.plist.xml; path = Info.plist; sourceTree = "<group>"; };
		A8479B9A1EC95BA700E0ACF4 /* Info.plist */ = {isa = PBXFileReference; fileEncoding = 4; lastKnownFileType = text.plist.xml; name = Info.plist; path = other/Info.plist; sourceTree = "<group>"; };
		A8479B9B1EC95BA700E0ACF4 /* main.m */ = {isa = PBXFileReference; fileEncoding = 4; lastKnownFileType = sourcecode.c.objc; path = main.m; sourceTree = "<group>"; };
		A8479B9D1EC95BA700E0ACF4 /* AppDelegate.h */ = {isa = PBXFileReference; fileEncoding = 4; lastKnownFileType = sourcecode.c.h; path = AppDelegate.h; sourceTree = "<group>"; };
		A8479B9E1EC95BA700E0ACF4 /* AppDelegate.m */ = {isa = PBXFileReference; fileEncoding = 4; lastKnownFileType = sourcecode.c.objc; path = AppDelegate.m; sourceTree = "<group>"; };
		A8479BA01EC95BA700E0ACF4 /* WBMainVC.h */ = {isa = PBXFileReference; fileEncoding = 4; lastKnownFileType = sourcecode.c.h; path = WBMainVC.h; sourceTree = "<group>"; };
		A8479BA11EC95BA700E0ACF4 /* WBMainVC.m */ = {isa = PBXFileReference; fileEncoding = 4; lastKnownFileType = sourcecode.c.objc; path = WBMainVC.m; sourceTree = "<group>"; };
		A8479BA61EC95C8F00E0ACF4 /* WBTabBar.h */ = {isa = PBXFileReference; fileEncoding = 4; lastKnownFileType = sourcecode.c.h; path = WBTabBar.h; sourceTree = "<group>"; };
		A8479BA71EC95C8F00E0ACF4 /* WBTabBar.m */ = {isa = PBXFileReference; fileEncoding = 4; lastKnownFileType = sourcecode.c.objc; path = WBTabBar.m; sourceTree = "<group>"; };
		A8479BAA1EC95F0000E0ACF4 /* PrefixHeader.pch */ = {isa = PBXFileReference; lastKnownFileType = sourcecode.c.h; path = PrefixHeader.pch; sourceTree = "<group>"; };
		A8479BAB1EC97D7400E0ACF4 /* WBCircleVC.h */ = {isa = PBXFileReference; fileEncoding = 4; lastKnownFileType = sourcecode.c.h; path = WBCircleVC.h; sourceTree = "<group>"; };
		A8479BAC1EC97D7400E0ACF4 /* WBCircleVC.m */ = {isa = PBXFileReference; fileEncoding = 4; lastKnownFileType = sourcecode.c.objc; path = WBCircleVC.m; sourceTree = "<group>"; };
		A8479BB11EC97DA300E0ACF4 /* WBMineVC.h */ = {isa = PBXFileReference; fileEncoding = 4; lastKnownFileType = sourcecode.c.h; path = WBMineVC.h; sourceTree = "<group>"; };
		A8479BB21EC97DA300E0ACF4 /* WBMineVC.m */ = {isa = PBXFileReference; fileEncoding = 4; lastKnownFileType = sourcecode.c.objc; path = WBMineVC.m; sourceTree = "<group>"; };
		A8479BB41EC9843400E0ACF4 /* WBNavC.h */ = {isa = PBXFileReference; fileEncoding = 4; lastKnownFileType = sourcecode.c.h; path = WBNavC.h; sourceTree = "<group>"; };
		A8479BB51EC9843400E0ACF4 /* WBNavC.m */ = {isa = PBXFileReference; fileEncoding = 4; lastKnownFileType = sourcecode.c.objc; path = WBNavC.m; sourceTree = "<group>"; };
		A8479BB81EC987FE00E0ACF4 /* PussCollectionViewCell.h */ = {isa = PBXFileReference; fileEncoding = 4; lastKnownFileType = sourcecode.c.h; path = PussCollectionViewCell.h; sourceTree = "<group>"; };
		A8479BB91EC987FE00E0ACF4 /* PussCollectionViewCell.m */ = {isa = PBXFileReference; fileEncoding = 4; lastKnownFileType = sourcecode.c.objc; path = PussCollectionViewCell.m; sourceTree = "<group>"; };
		A8479BBA1EC987FE00E0ACF4 /* PussBannerView.h */ = {isa = PBXFileReference; fileEncoding = 4; lastKnownFileType = sourcecode.c.h; path = PussBannerView.h; sourceTree = "<group>"; };
		A8479BBB1EC987FE00E0ACF4 /* PussBannerView.m */ = {isa = PBXFileReference; fileEncoding = 4; lastKnownFileType = sourcecode.c.objc; path = PussBannerView.m; sourceTree = "<group>"; };
		A8479BBE1EC992E300E0ACF4 /* UIView+ZY.h */ = {isa = PBXFileReference; fileEncoding = 4; lastKnownFileType = sourcecode.c.h; path = "UIView+ZY.h"; sourceTree = "<group>"; };
		A8479BBF1EC992E300E0ACF4 /* UIView+ZY.m */ = {isa = PBXFileReference; fileEncoding = 4; lastKnownFileType = sourcecode.c.objc; path = "UIView+ZY.m"; sourceTree = "<group>"; };
		A8479BCD1EC99E3300E0ACF4 /* WBAnimalJump.h */ = {isa = PBXFileReference; fileEncoding = 4; lastKnownFileType = sourcecode.c.h; path = WBAnimalJump.h; sourceTree = "<group>"; };
		A8479BCE1EC99E3400E0ACF4 /* WBAnimalJump.m */ = {isa = PBXFileReference; fileEncoding = 4; lastKnownFileType = sourcecode.c.objc; path = WBAnimalJump.m; sourceTree = "<group>"; };
		A88E202D1ECD774700E7EDC3 /* WBCircleDetialVC.h */ = {isa = PBXFileReference; fileEncoding = 4; lastKnownFileType = sourcecode.c.h; path = WBCircleDetialVC.h; sourceTree = "<group>"; };
		A88E202E1ECD774700E7EDC3 /* WBCircleDetialVC.m */ = {isa = PBXFileReference; fileEncoding = 4; lastKnownFileType = sourcecode.c.objc; path = WBCircleDetialVC.m; sourceTree = "<group>"; };
		A88E202F1ECD774700E7EDC3 /* WBCircleDetialVC.xib */ = {isa = PBXFileReference; fileEncoding = 4; lastKnownFileType = file.xib; path = WBCircleDetialVC.xib; sourceTree = "<group>"; };
		A88F17B71ECBF7FE00F93BDA /* registeVC.h */ = {isa = PBXFileReference; fileEncoding = 4; lastKnownFileType = sourcecode.c.h; path = registeVC.h; sourceTree = "<group>"; };
		A88F17B81ECBF7FE00F93BDA /* registeVC.m */ = {isa = PBXFileReference; fileEncoding = 4; lastKnownFileType = sourcecode.c.objc; path = registeVC.m; sourceTree = "<group>"; };
		A88F17B91ECBF7FE00F93BDA /* registeVC.xib */ = {isa = PBXFileReference; fileEncoding = 4; lastKnownFileType = file.xib; path = registeVC.xib; sourceTree = "<group>"; };
		A88F17BA1ECBF7FE00F93BDA /* LoginViewC.h */ = {isa = PBXFileReference; fileEncoding = 4; lastKnownFileType = sourcecode.c.h; path = LoginViewC.h; sourceTree = "<group>"; };
		A88F17BB1ECBF7FE00F93BDA /* LoginViewC.m */ = {isa = PBXFileReference; fileEncoding = 4; lastKnownFileType = sourcecode.c.objc; path = LoginViewC.m; sourceTree = "<group>"; };
		A88F17BC1ECBF7FE00F93BDA /* LoginViewC.xib */ = {isa = PBXFileReference; fileEncoding = 4; lastKnownFileType = file.xib; path = LoginViewC.xib; sourceTree = "<group>"; };
		A88F17C21ECC507C00F93BDA /* WBCircleHeaderView.h */ = {isa = PBXFileReference; fileEncoding = 4; lastKnownFileType = sourcecode.c.h; path = WBCircleHeaderView.h; sourceTree = "<group>"; };
		A88F17C31ECC507C00F93BDA /* WBCircleHeaderView.m */ = {isa = PBXFileReference; fileEncoding = 4; lastKnownFileType = sourcecode.c.objc; path = WBCircleHeaderView.m; sourceTree = "<group>"; };
		A88F17C51ECC508800F93BDA /* WBCircleHeaderView.xib */ = {isa = PBXFileReference; fileEncoding = 4; lastKnownFileType = file.xib; path = WBCircleHeaderView.xib; sourceTree = "<group>"; };
		A88F17C71ECC6C7700F93BDA /* WBCircleCell.h */ = {isa = PBXFileReference; fileEncoding = 4; lastKnownFileType = sourcecode.c.h; path = WBCircleCell.h; sourceTree = "<group>"; };
		A88F17C81ECC6C7700F93BDA /* WBCircleCell.m */ = {isa = PBXFileReference; fileEncoding = 4; lastKnownFileType = sourcecode.c.objc; path = WBCircleCell.m; sourceTree = "<group>"; };
		A88F17C91ECC6C7700F93BDA /* WBCircleCell.xib */ = {isa = PBXFileReference; fileEncoding = 4; lastKnownFileType = file.xib; path = WBCircleCell.xib; sourceTree = "<group>"; };
		A8AC4B811ECAF6A500DD5FBF /* WBMineVC.xib */ = {isa = PBXFileReference; fileEncoding = 4; lastKnownFileType = file.xib; path = WBMineVC.xib; sourceTree = "<group>"; };
		A8AC4B841ECAFD1F00DD5FBF /* userTokenTool.h */ = {isa = PBXFileReference; fileEncoding = 4; lastKnownFileType = sourcecode.c.h; path = userTokenTool.h; sourceTree = "<group>"; };
		A8AC4B851ECAFD1F00DD5FBF /* userTokenTool.m */ = {isa = PBXFileReference; fileEncoding = 4; lastKnownFileType = sourcecode.c.objc; path = userTokenTool.m; sourceTree = "<group>"; };
		A8AC4B8A1ECB189F00DD5FBF /* WBEditCell.h */ = {isa = PBXFileReference; fileEncoding = 4; lastKnownFileType = sourcecode.c.h; path = WBEditCell.h; sourceTree = "<group>"; };
		A8AC4B8B1ECB189F00DD5FBF /* WBEditCell.m */ = {isa = PBXFileReference; fileEncoding = 4; lastKnownFileType = sourcecode.c.objc; path = WBEditCell.m; sourceTree = "<group>"; };
		A8AC4B8C1ECB189F00DD5FBF /* WBEditCell.xib */ = {isa = PBXFileReference; fileEncoding = 4; lastKnownFileType = file.xib; path = WBEditCell.xib; sourceTree = "<group>"; };
		A8AC4B921ECB26FC00DD5FBF /* WBLoginBtn.h */ = {isa = PBXFileReference; fileEncoding = 4; lastKnownFileType = sourcecode.c.h; path = WBLoginBtn.h; sourceTree = "<group>"; };
		A8AC4B931ECB26FC00DD5FBF /* WBLoginBtn.m */ = {isa = PBXFileReference; fileEncoding = 4; lastKnownFileType = sourcecode.c.objc; path = WBLoginBtn.m; sourceTree = "<group>"; };
		BAEFD5E3DFE6A1E4481C6E41 /* Pods-animalShop.release.xcconfig */ = {isa = PBXFileReference; includeInIndex = 1; lastKnownFileType = text.xcconfig; name = "Pods-animalShop.release.xcconfig"; path = "Pods/Target Support Files/Pods-animalShop/Pods-animalShop.release.xcconfig"; sourceTree = "<group>"; };
		E94F76991ECB47040086FBAE /* NewsCell.h */ = {isa = PBXFileReference; fileEncoding = 4; lastKnownFileType = sourcecode.c.h; path = NewsCell.h; sourceTree = "<group>"; };
		E94F769A1ECB47040086FBAE /* NewsCell.m */ = {isa = PBXFileReference; fileEncoding = 4; lastKnownFileType = sourcecode.c.objc; path = NewsCell.m; sourceTree = "<group>"; };
		E94F769B1ECB47040086FBAE /* NewsCell.xib */ = {isa = PBXFileReference; fileEncoding = 4; lastKnownFileType = file.xib; path = NewsCell.xib; sourceTree = "<group>"; };
		E94F769E1ECB471B0086FBAE /* DetailController.h */ = {isa = PBXFileReference; fileEncoding = 4; lastKnownFileType = sourcecode.c.h; path = DetailController.h; sourceTree = "<group>"; };
		E94F769F1ECB471B0086FBAE /* DetailController.m */ = {isa = PBXFileReference; fileEncoding = 4; lastKnownFileType = sourcecode.c.objc; path = DetailController.m; sourceTree = "<group>"; };
		E94F76A01ECB471B0086FBAE /* DetailController.xib */ = {isa = PBXFileReference; fileEncoding = 4; lastKnownFileType = file.xib; path = DetailController.xib; sourceTree = "<group>"; };
		E94F76A11ECB471B0086FBAE /* NewsViewController.h */ = {isa = PBXFileReference; fileEncoding = 4; lastKnownFileType = sourcecode.c.h; path = NewsViewController.h; sourceTree = "<group>"; };
		E94F76A21ECB471B0086FBAE /* NewsViewController.m */ = {isa = PBXFileReference; fileEncoding = 4; lastKnownFileType = sourcecode.c.objc; path = NewsViewController.m; sourceTree = "<group>"; };
		E9ED9D311ECC9E3400F5481B /* json.txt */ = {isa = PBXFileReference; fileEncoding = 4; lastKnownFileType = text; name = json.txt; path = other/json.txt; sourceTree = "<group>"; };
		E9ED9D331ECCA01C00F5481B /* DogViewController.h */ = {isa = PBXFileReference; fileEncoding = 4; lastKnownFileType = sourcecode.c.h; path = DogViewController.h; sourceTree = "<group>"; };
		E9ED9D341ECCA01C00F5481B /* DogViewController.m */ = {isa = PBXFileReference; fileEncoding = 4; lastKnownFileType = sourcecode.c.objc; path = DogViewController.m; sourceTree = "<group>"; };
		E9ED9D361ECDE90B00F5481B /* AnimalKindsCell.h */ = {isa = PBXFileReference; fileEncoding = 4; lastKnownFileType = sourcecode.c.h; path = AnimalKindsCell.h; sourceTree = "<group>"; };
		E9ED9D371ECDE90B00F5481B /* AnimalKindsCell.m */ = {isa = PBXFileReference; fileEncoding = 4; lastKnownFileType = sourcecode.c.objc; path = AnimalKindsCell.m; sourceTree = "<group>"; };
		E9ED9D381ECDE90B00F5481B /* AnimalKindsCell.xib */ = {isa = PBXFileReference; fileEncoding = 4; lastKnownFileType = file.xib; path = AnimalKindsCell.xib; sourceTree = "<group>"; };
		E9ED9D3C1ECDEA6200F5481B /* AnimalModel.h */ = {isa = PBXFileReference; fileEncoding = 4; lastKnownFileType = sourcecode.c.h; path = AnimalModel.h; sourceTree = "<group>"; };
		E9ED9D3D1ECDEA6200F5481B /* AnimalModel.m */ = {isa = PBXFileReference; fileEncoding = 4; lastKnownFileType = sourcecode.c.objc; path = AnimalModel.m; sourceTree = "<group>"; };
		E9ED9D3F1ECDEF3C00F5481B /* CatViewController.h */ = {isa = PBXFileReference; fileEncoding = 4; lastKnownFileType = sourcecode.c.h; path = CatViewController.h; sourceTree = "<group>"; };
		E9ED9D401ECDEF3C00F5481B /* CatViewController.m */ = {isa = PBXFileReference; fileEncoding = 4; lastKnownFileType = sourcecode.c.objc; path = CatViewController.m; sourceTree = "<group>"; };
		E9ED9D421ECDEF5100F5481B /* RatViewController.h */ = {isa = PBXFileReference; fileEncoding = 4; lastKnownFileType = sourcecode.c.h; path = RatViewController.h; sourceTree = "<group>"; };
		E9ED9D431ECDEF5100F5481B /* RatViewController.m */ = {isa = PBXFileReference; fileEncoding = 4; lastKnownFileType = sourcecode.c.objc; path = RatViewController.m; sourceTree = "<group>"; };
		E9ED9D451ECDEF5B00F5481B /* BirdViewController.h */ = {isa = PBXFileReference; fileEncoding = 4; lastKnownFileType = sourcecode.c.h; path = BirdViewController.h; sourceTree = "<group>"; };
		E9ED9D461ECDEF5B00F5481B /* BirdViewController.m */ = {isa = PBXFileReference; fileEncoding = 4; lastKnownFileType = sourcecode.c.objc; path = BirdViewController.m; sourceTree = "<group>"; };
		E9ED9D481ECDEF6900F5481B /* FishViewController.h */ = {isa = PBXFileReference; fileEncoding = 4; lastKnownFileType = sourcecode.c.h; path = FishViewController.h; sourceTree = "<group>"; };
		E9ED9D491ECDEF6900F5481B /* FishViewController.m */ = {isa = PBXFileReference; fileEncoding = 4; lastKnownFileType = sourcecode.c.objc; path = FishViewController.m; sourceTree = "<group>"; };
		E9ED9D4B1ECDEF7300F5481B /* RabbitViewController.h */ = {isa = PBXFileReference; fileEncoding = 4; lastKnownFileType = sourcecode.c.h; path = RabbitViewController.h; sourceTree = "<group>"; };
		E9ED9D4C1ECDEF7300F5481B /* RabbitViewController.m */ = {isa = PBXFileReference; fileEncoding = 4; lastKnownFileType = sourcecode.c.objc; path = RabbitViewController.m; sourceTree = "<group>"; };
/* End PBXFileReference section */

/* Begin PBXFrameworksBuildPhase section */
		A8479B601EC9595300E0ACF4 /* Frameworks */ = {
			isa = PBXFrameworksBuildPhase;
			buildActionMask = 2147483647;
			files = (
				DC8A0DA7520F71932833C5E8 /* Pods_animalShop.framework in Frameworks */,
			);
			runOnlyForDeploymentPostprocessing = 0;
		};
		A8479B791EC9595500E0ACF4 /* Frameworks */ = {
			isa = PBXFrameworksBuildPhase;
			buildActionMask = 2147483647;
			files = (
			);
			runOnlyForDeploymentPostprocessing = 0;
		};
		A8479B841EC9595500E0ACF4 /* Frameworks */ = {
			isa = PBXFrameworksBuildPhase;
			buildActionMask = 2147483647;
			files = (
			);
			runOnlyForDeploymentPostprocessing = 0;
		};
/* End PBXFrameworksBuildPhase section */

/* Begin PBXGroup section */
		2D76471A734D96D0B6E03DDD /* Frameworks */ = {
			isa = PBXGroup;
			children = (
				30E24F5D147AD7973B8459B3 /* Pods_animalShop.framework */,
			);
			name = Frameworks;
			sourceTree = "<group>";
		};
		5F57D97FDC7B252B8AA7DFBA /* Pods */ = {
			isa = PBXGroup;
			children = (
				77560CB81CE30DE682335C7D /* Pods-animalShop.debug.xcconfig */,
				BAEFD5E3DFE6A1E4481C6E41 /* Pods-animalShop.release.xcconfig */,
			);
			name = Pods;
			sourceTree = "<group>";
		};
		A8479B5A1EC9595300E0ACF4 = {
			isa = PBXGroup;
			children = (
				A8479B651EC9595400E0ACF4 /* animalShop */,
				A8479B7F1EC9595500E0ACF4 /* animalShopTests */,
				A8479B8A1EC9595500E0ACF4 /* animalShopUITests */,
				A8479B641EC9595400E0ACF4 /* Products */,
				5F57D97FDC7B252B8AA7DFBA /* Pods */,
				2D76471A734D96D0B6E03DDD /* Frameworks */,
			);
			sourceTree = "<group>";
		};
		A8479B641EC9595400E0ACF4 /* Products */ = {
			isa = PBXGroup;
			children = (
				A8479B631EC9595400E0ACF4 /* animalShop.app */,
				A8479B7C1EC9595500E0ACF4 /* animalShopTests.xctest */,
				A8479B871EC9595500E0ACF4 /* animalShopUITests.xctest */,
			);
			name = Products;
			sourceTree = "<group>";
		};
		A8479B651EC9595400E0ACF4 /* animalShop */ = {
			isa = PBXGroup;
			children = (
				A8479BA91EC95EED00E0ACF4 /* tool */,
				A8479B9F1EC95BA700E0ACF4 /* classes */,
				A8479B9C1EC95BA700E0ACF4 /* gobalMain */,
				A8479B991EC95BA700E0ACF4 /* other */,
				A8479B6F1EC9595400E0ACF4 /* Main.storyboard */,
				A8479B721EC9595400E0ACF4 /* Assets.xcassets */,
				A8479B741EC9595400E0ACF4 /* LaunchScreen.storyboard */,
				A8479B661EC9595400E0ACF4 /* Supporting Files */,
			);
			path = animalShop;
			sourceTree = "<group>";
		};
		A8479B661EC9595400E0ACF4 /* Supporting Files */ = {
			isa = PBXGroup;
			children = (
				E9ED9D311ECC9E3400F5481B /* json.txt */,
				A8479B9A1EC95BA700E0ACF4 /* Info.plist */,
			);
			name = "Supporting Files";
			sourceTree = "<group>";
		};
		A8479B7F1EC9595500E0ACF4 /* animalShopTests */ = {
			isa = PBXGroup;
			children = (
				A8479B801EC9595500E0ACF4 /* animalShopTests.m */,
				A8479B821EC9595500E0ACF4 /* Info.plist */,
			);
			path = animalShopTests;
			sourceTree = "<group>";
		};
		A8479B8A1EC9595500E0ACF4 /* animalShopUITests */ = {
			isa = PBXGroup;
			children = (
				A8479B8B1EC9595500E0ACF4 /* animalShopUITests.m */,
				A8479B8D1EC9595500E0ACF4 /* Info.plist */,
			);
			path = animalShopUITests;
			sourceTree = "<group>";
		};
		A8479B991EC95BA700E0ACF4 /* other */ = {
			isa = PBXGroup;
			children = (
				A8479B9B1EC95BA700E0ACF4 /* main.m */,
			);
			path = other;
			sourceTree = "<group>";
		};
		A8479B9C1EC95BA700E0ACF4 /* gobalMain */ = {
			isa = PBXGroup;
			children = (
				A8479B9D1EC95BA700E0ACF4 /* AppDelegate.h */,
				A8479B9E1EC95BA700E0ACF4 /* AppDelegate.m */,
				A8479BB41EC9843400E0ACF4 /* WBNavC.h */,
				A8479BB51EC9843400E0ACF4 /* WBNavC.m */,
				A8479BA61EC95C8F00E0ACF4 /* WBTabBar.h */,
				A8479BA71EC95C8F00E0ACF4 /* WBTabBar.m */,
			);
			name = gobalMain;
			path = main;
			sourceTree = "<group>";
		};
		A8479B9F1EC95BA700E0ACF4 /* classes */ = {
			isa = PBXGroup;
			children = (
				A8479BC11EC999FC00E0ACF4 /* Home */,
				A8479BC21EC99A0900E0ACF4 /* Circle */,
				A8479BC31EC99A2000E0ACF4 /* News */,
				A8479BC41EC99A3F00E0ACF4 /* mine */,
			);
			path = classes;
			sourceTree = "<group>";
		};
		A8479BA91EC95EED00E0ACF4 /* tool */ = {
			isa = PBXGroup;
			children = (
				A8AC4B831ECAFD1200DD5FBF /* user */,
				A8479BB71EC987CB00E0ACF4 /* banner */,
				A8479BAA1EC95F0000E0ACF4 /* PrefixHeader.pch */,
				A8479BBE1EC992E300E0ACF4 /* UIView+ZY.h */,
				A8479BBF1EC992E300E0ACF4 /* UIView+ZY.m */,
			);
			name = tool;
			sourceTree = "<group>";
		};
		A8479BB71EC987CB00E0ACF4 /* banner */ = {
			isa = PBXGroup;
			children = (
				A8479BB81EC987FE00E0ACF4 /* PussCollectionViewCell.h */,
				A8479BB91EC987FE00E0ACF4 /* PussCollectionViewCell.m */,
				A8479BBA1EC987FE00E0ACF4 /* PussBannerView.h */,
				A8479BBB1EC987FE00E0ACF4 /* PussBannerView.m */,
			);
			name = banner;
			sourceTree = "<group>";
		};
		A8479BC11EC999FC00E0ACF4 /* Home */ = {
			isa = PBXGroup;
			children = (
				E9ED9D3B1ECDEA2A00F5481B /* Model */,
				A88F17B21ECBF3EE00F93BDA /* Controller */,
				A88F17B31ECBF41E00F93BDA /* View */,
			);
			name = Home;
			sourceTree = "<group>";
		};
		A8479BC21EC99A0900E0ACF4 /* Circle */ = {
			isa = PBXGroup;
			children = (
				A88F17B41ECBF44900F93BDA /* Controller */,
				A88F17C11ECC504C00F93BDA /* View */,
			);
			name = Circle;
			sourceTree = "<group>";
		};
		A8479BC31EC99A2000E0ACF4 /* News */ = {
			isa = PBXGroup;
			children = (
				E94F76961ECB46390086FBAE /* Controller */,
				E94F76981ECB46470086FBAE /* View */,
			);
			name = News;
			sourceTree = "<group>";
		};
		A8479BC41EC99A3F00E0ACF4 /* mine */ = {
			isa = PBXGroup;
			children = (
				A88F17B51ECBF46100F93BDA /* Controller */,
				A88F17B61ECBF47500F93BDA /* View */,
			);
			name = mine;
			sourceTree = "<group>";
		};
		A88F17B21ECBF3EE00F93BDA /* Controller */ = {
			isa = PBXGroup;
			children = (
				A8479BA01EC95BA700E0ACF4 /* WBMainVC.h */,
				A8479BA11EC95BA700E0ACF4 /* WBMainVC.m */,
				E9ED9D331ECCA01C00F5481B /* DogViewController.h */,
				E9ED9D341ECCA01C00F5481B /* DogViewController.m */,
				E9ED9D3F1ECDEF3C00F5481B /* CatViewController.h */,
				E9ED9D401ECDEF3C00F5481B /* CatViewController.m */,
				E9ED9D421ECDEF5100F5481B /* RatViewController.h */,
				E9ED9D431ECDEF5100F5481B /* RatViewController.m */,
				E9ED9D451ECDEF5B00F5481B /* BirdViewController.h */,
				E9ED9D461ECDEF5B00F5481B /* BirdViewController.m */,
				E9ED9D481ECDEF6900F5481B /* FishViewController.h */,
				E9ED9D491ECDEF6900F5481B /* FishViewController.m */,
				E9ED9D4B1ECDEF7300F5481B /* RabbitViewController.h */,
				E9ED9D4C1ECDEF7300F5481B /* RabbitViewController.m */,
			);
			name = Controller;
			sourceTree = "<group>";
		};
		A88F17B31ECBF41E00F93BDA /* View */ = {
			isa = PBXGroup;
			children = (
				A8479BCD1EC99E3300E0ACF4 /* WBAnimalJump.h */,
				A8479BCE1EC99E3400E0ACF4 /* WBAnimalJump.m */,
				E9ED9D361ECDE90B00F5481B /* AnimalKindsCell.h */,
				E9ED9D371ECDE90B00F5481B /* AnimalKindsCell.m */,
				E9ED9D381ECDE90B00F5481B /* AnimalKindsCell.xib */,
			);
			name = View;
			sourceTree = "<group>";
		};
		A88F17B41ECBF44900F93BDA /* Controller */ = {
			isa = PBXGroup;
			children = (
				A8479BAB1EC97D7400E0ACF4 /* WBCircleVC.h */,
				A8479BAC1EC97D7400E0ACF4 /* WBCircleVC.m */,
				A88E202D1ECD774700E7EDC3 /* WBCircleDetialVC.h */,
				A88E202E1ECD774700E7EDC3 /* WBCircleDetialVC.m */,
				A88E202F1ECD774700E7EDC3 /* WBCircleDetialVC.xib */,
			);
			name = Controller;
			sourceTree = "<group>";
		};
		A88F17B51ECBF46100F93BDA /* Controller */ = {
			isa = PBXGroup;
			children = (
				A88F17B71ECBF7FE00F93BDA /* registeVC.h */,
				A88F17B81ECBF7FE00F93BDA /* registeVC.m */,
				A88F17B91ECBF7FE00F93BDA /* registeVC.xib */,
				A88F17BA1ECBF7FE00F93BDA /* LoginViewC.h */,
				A88F17BB1ECBF7FE00F93BDA /* LoginViewC.m */,
				A88F17BC1ECBF7FE00F93BDA /* LoginViewC.xib */,
				A8479BB11EC97DA300E0ACF4 /* WBMineVC.h */,
				A8479BB21EC97DA300E0ACF4 /* WBMineVC.m */,
				A8AC4B811ECAF6A500DD5FBF /* WBMineVC.xib */,
			);
			name = Controller;
			sourceTree = "<group>";
		};
		A88F17B61ECBF47500F93BDA /* View */ = {
			isa = PBXGroup;
			children = (
				A8AC4B921ECB26FC00DD5FBF /* WBLoginBtn.h */,
				A8AC4B931ECB26FC00DD5FBF /* WBLoginBtn.m */,
				A8AC4B8A1ECB189F00DD5FBF /* WBEditCell.h */,
				A8AC4B8B1ECB189F00DD5FBF /* WBEditCell.m */,
				A8AC4B8C1ECB189F00DD5FBF /* WBEditCell.xib */,
			);
			name = View;
			sourceTree = "<group>";
		};
		A88F17C11ECC504C00F93BDA /* View */ = {
			isa = PBXGroup;
			children = (
				A88F17C71ECC6C7700F93BDA /* WBCircleCell.h */,
				A88F17C81ECC6C7700F93BDA /* WBCircleCell.m */,
				A88F17C91ECC6C7700F93BDA /* WBCircleCell.xib */,
				A88F17C21ECC507C00F93BDA /* WBCircleHeaderView.h */,
				A88F17C31ECC507C00F93BDA /* WBCircleHeaderView.m */,
				A88F17C51ECC508800F93BDA /* WBCircleHeaderView.xib */,
			);
			name = View;
			sourceTree = "<group>";
		};
		A8AC4B831ECAFD1200DD5FBF /* user */ = {
			isa = PBXGroup;
			children = (
				A8AC4B841ECAFD1F00DD5FBF /* userTokenTool.h */,
				A8AC4B851ECAFD1F00DD5FBF /* userTokenTool.m */,
			);
			name = user;
			sourceTree = "<group>";
		};
		E94F76961ECB46390086FBAE /* Controller */ = {
			isa = PBXGroup;
			children = (
				E94F76A11ECB471B0086FBAE /* NewsViewController.h */,
				E94F76A21ECB471B0086FBAE /* NewsViewController.m */,
				E94F769E1ECB471B0086FBAE /* DetailController.h */,
				E94F769F1ECB471B0086FBAE /* DetailController.m */,
				E94F76A01ECB471B0086FBAE /* DetailController.xib */,
			);
			name = Controller;
			sourceTree = "<group>";
		};
		E94F76981ECB46470086FBAE /* View */ = {
			isa = PBXGroup;
			children = (
				E94F76991ECB47040086FBAE /* NewsCell.h */,
				E94F769A1ECB47040086FBAE /* NewsCell.m */,
				E94F769B1ECB47040086FBAE /* NewsCell.xib */,
			);
			name = View;
			sourceTree = "<group>";
		};
		E9ED9D3B1ECDEA2A00F5481B /* Model */ = {
			isa = PBXGroup;
			children = (
				E9ED9D3C1ECDEA6200F5481B /* AnimalModel.h */,
				E9ED9D3D1ECDEA6200F5481B /* AnimalModel.m */,
			);
			name = Model;
			sourceTree = "<group>";
		};
/* End PBXGroup section */

/* Begin PBXNativeTarget section */
		A8479B621EC9595300E0ACF4 /* animalShop */ = {
			isa = PBXNativeTarget;
			buildConfigurationList = A8479B901EC9595500E0ACF4 /* Build configuration list for PBXNativeTarget "animalShop" */;
			buildPhases = (
				B49BC05BED5B906D35C62E96 /* [CP] Check Pods Manifest.lock */,
				A8479B5F1EC9595300E0ACF4 /* Sources */,
				A8479B601EC9595300E0ACF4 /* Frameworks */,
				A8479B611EC9595300E0ACF4 /* Resources */,
				B4271C66AF8FC253C0B57D10 /* [CP] Embed Pods Frameworks */,
				7C0AE414DE45F64F976EE3CE /* [CP] Copy Pods Resources */,
			);
			buildRules = (
			);
			dependencies = (
			);
			name = animalShop;
			productName = animalShop;
			productReference = A8479B631EC9595400E0ACF4 /* animalShop.app */;
			productType = "com.apple.product-type.application";
		};
		A8479B7B1EC9595500E0ACF4 /* animalShopTests */ = {
			isa = PBXNativeTarget;
			buildConfigurationList = A8479B931EC9595500E0ACF4 /* Build configuration list for PBXNativeTarget "animalShopTests" */;
			buildPhases = (
				A8479B781EC9595500E0ACF4 /* Sources */,
				A8479B791EC9595500E0ACF4 /* Frameworks */,
				A8479B7A1EC9595500E0ACF4 /* Resources */,
			);
			buildRules = (
			);
			dependencies = (
				A8479B7E1EC9595500E0ACF4 /* PBXTargetDependency */,
			);
			name = animalShopTests;
			productName = animalShopTests;
			productReference = A8479B7C1EC9595500E0ACF4 /* animalShopTests.xctest */;
			productType = "com.apple.product-type.bundle.unit-test";
		};
		A8479B861EC9595500E0ACF4 /* animalShopUITests */ = {
			isa = PBXNativeTarget;
			buildConfigurationList = A8479B961EC9595500E0ACF4 /* Build configuration list for PBXNativeTarget "animalShopUITests" */;
			buildPhases = (
				A8479B831EC9595500E0ACF4 /* Sources */,
				A8479B841EC9595500E0ACF4 /* Frameworks */,
				A8479B851EC9595500E0ACF4 /* Resources */,
			);
			buildRules = (
			);
			dependencies = (
				A8479B891EC9595500E0ACF4 /* PBXTargetDependency */,
			);
			name = animalShopUITests;
			productName = animalShopUITests;
			productReference = A8479B871EC9595500E0ACF4 /* animalShopUITests.xctest */;
			productType = "com.apple.product-type.bundle.ui-testing";
		};
/* End PBXNativeTarget section */

/* Begin PBXProject section */
		A8479B5B1EC9595300E0ACF4 /* Project object */ = {
			isa = PBXProject;
			attributes = {
				LastUpgradeCheck = 0820;
				ORGANIZATIONNAME = JOY;
				TargetAttributes = {
					A8479B621EC9595300E0ACF4 = {
						CreatedOnToolsVersion = 8.2.1;
						DevelopmentTeam = AQG7L8JAY2;
						ProvisioningStyle = Automatic;
					};
					A8479B7B1EC9595500E0ACF4 = {
						CreatedOnToolsVersion = 8.2.1;
						DevelopmentTeam = AQG7L8JAY2;
						ProvisioningStyle = Automatic;
						TestTargetID = A8479B621EC9595300E0ACF4;
					};
					A8479B861EC9595500E0ACF4 = {
						CreatedOnToolsVersion = 8.2.1;
						DevelopmentTeam = AQG7L8JAY2;
						ProvisioningStyle = Automatic;
						TestTargetID = A8479B621EC9595300E0ACF4;
					};
				};
			};
			buildConfigurationList = A8479B5E1EC9595300E0ACF4 /* Build configuration list for PBXProject "animalShop" */;
			compatibilityVersion = "Xcode 3.2";
			developmentRegion = English;
			hasScannedForEncodings = 0;
			knownRegions = (
				en,
				Base,
			);
			mainGroup = A8479B5A1EC9595300E0ACF4;
			productRefGroup = A8479B641EC9595400E0ACF4 /* Products */;
			projectDirPath = "";
			projectRoot = "";
			targets = (
				A8479B621EC9595300E0ACF4 /* animalShop */,
				A8479B7B1EC9595500E0ACF4 /* animalShopTests */,
				A8479B861EC9595500E0ACF4 /* animalShopUITests */,
			);
		};
/* End PBXProject section */

/* Begin PBXResourcesBuildPhase section */
		A8479B611EC9595300E0ACF4 /* Resources */ = {
			isa = PBXResourcesBuildPhase;
			buildActionMask = 2147483647;
			files = (
				A88E20311ECD774700E7EDC3 /* WBCircleDetialVC.xib in Resources */,
				A88F17CB1ECC6C7700F93BDA /* WBCircleCell.xib in Resources */,
				A8479BA21EC95BA700E0ACF4 /* Info.plist in Resources */,
				A88F17BE1ECBF7FE00F93BDA /* registeVC.xib in Resources */,
				A8479B761EC9595400E0ACF4 /* LaunchScreen.storyboard in Resources */,
				E94F769D1ECB47040086FBAE /* NewsCell.xib in Resources */,
				A88F17C01ECBF7FE00F93BDA /* LoginViewC.xib in Resources */,
				A88F17C61ECC508800F93BDA /* WBCircleHeaderView.xib in Resources */,
				A8479B731EC9595400E0ACF4 /* Assets.xcassets in Resources */,
				E9ED9D321ECC9E3400F5481B /* json.txt in Resources */,
				E94F76A41ECB471B0086FBAE /* DetailController.xib in Resources */,
				A8479B711EC9595400E0ACF4 /* Main.storyboard in Resources */,
				A8AC4B8E1ECB189F00DD5FBF /* WBEditCell.xib in Resources */,
				E9ED9D3A1ECDE90B00F5481B /* AnimalKindsCell.xib in Resources */,
				A8AC4B821ECAF6A500DD5FBF /* WBMineVC.xib in Resources */,
			);
			runOnlyForDeploymentPostprocessing = 0;
		};
		A8479B7A1EC9595500E0ACF4 /* Resources */ = {
			isa = PBXResourcesBuildPhase;
			buildActionMask = 2147483647;
			files = (
			);
			runOnlyForDeploymentPostprocessing = 0;
		};
		A8479B851EC9595500E0ACF4 /* Resources */ = {
			isa = PBXResourcesBuildPhase;
			buildActionMask = 2147483647;
			files = (
			);
			runOnlyForDeploymentPostprocessing = 0;
		};
/* End PBXResourcesBuildPhase section */

/* Begin PBXShellScriptBuildPhase section */
		7C0AE414DE45F64F976EE3CE /* [CP] Copy Pods Resources */ = {
			isa = PBXShellScriptBuildPhase;
			buildActionMask = 2147483647;
			files = (
			);
			inputPaths = (
			);
			name = "[CP] Copy Pods Resources";
			outputPaths = (
			);
			runOnlyForDeploymentPostprocessing = 0;
			shellPath = /bin/sh;
			shellScript = "\"${SRCROOT}/Pods/Target Support Files/Pods-animalShop/Pods-animalShop-resources.sh\"\n";
			showEnvVarsInLog = 0;
		};
		B4271C66AF8FC253C0B57D10 /* [CP] Embed Pods Frameworks */ = {
			isa = PBXShellScriptBuildPhase;
			buildActionMask = 2147483647;
			files = (
			);
			inputPaths = (
			);
			name = "[CP] Embed Pods Frameworks";
			outputPaths = (
			);
			runOnlyForDeploymentPostprocessing = 0;
			shellPath = /bin/sh;
			shellScript = "\"${SRCROOT}/Pods/Target Support Files/Pods-animalShop/Pods-animalShop-frameworks.sh\"\n";
			showEnvVarsInLog = 0;
		};
		B49BC05BED5B906D35C62E96 /* [CP] Check Pods Manifest.lock */ = {
			isa = PBXShellScriptBuildPhase;
			buildActionMask = 2147483647;
			files = (
			);
			inputPaths = (
			);
			name = "[CP] Check Pods Manifest.lock";
			outputPaths = (
			);
			runOnlyForDeploymentPostprocessing = 0;
			shellPath = /bin/sh;
			shellScript = "diff \"${PODS_PODFILE_DIR_PATH}/Podfile.lock\" \"${PODS_ROOT}/Manifest.lock\" > /dev/null\nif [ $? != 0 ] ; then\n    # print error to STDERR\n    echo \"error: The sandbox is not in sync with the Podfile.lock. Run 'pod install' or update your CocoaPods installation.\" >&2\n    exit 1\nfi\n";
			showEnvVarsInLog = 0;
		};
/* End PBXShellScriptBuildPhase section */

/* Begin PBXSourcesBuildPhase section */
		A8479B5F1EC9595300E0ACF4 /* Sources */ = {
			isa = PBXSourcesBuildPhase;
			buildActionMask = 2147483647;
			files = (
				A8AC4B8D1ECB189F00DD5FBF /* WBEditCell.m in Sources */,
				A88E20301ECD774700E7EDC3 /* WBCircleDetialVC.m in Sources */,
				A8479BB61EC9843400E0ACF4 /* WBNavC.m in Sources */,
				E94F769C1ECB47040086FBAE /* NewsCell.m in Sources */,
				E9ED9D351ECCA01C00F5481B /* DogViewController.m in Sources */,
				E9ED9D411ECDEF3C00F5481B /* CatViewController.m in Sources */,
				A8479BBC1EC987FE00E0ACF4 /* PussCollectionViewCell.m in Sources */,
				A8479BA51EC95BA700E0ACF4 /* WBMainVC.m in Sources */,
				E9ED9D3E1ECDEA6200F5481B /* AnimalModel.m in Sources */,
				E9ED9D391ECDE90B00F5481B /* AnimalKindsCell.m in Sources */,
				A8479BAD1EC97D7400E0ACF4 /* WBCircleVC.m in Sources */,
				A88F17BF1ECBF7FE00F93BDA /* LoginViewC.m in Sources */,
				A8AC4B941ECB26FC00DD5FBF /* WBLoginBtn.m in Sources */,
				A8479BC01EC992E300E0ACF4 /* UIView+ZY.m in Sources */,
				E9ED9D4D1ECDEF7300F5481B /* RabbitViewController.m in Sources */,
				A8AC4B861ECAFD1F00DD5FBF /* userTokenTool.m in Sources */,
				E94F76A31ECB471B0086FBAE /* DetailController.m in Sources */,
				A8479BBD1EC987FE00E0ACF4 /* PussBannerView.m in Sources */,
				A8479BA41EC95BA700E0ACF4 /* AppDelegate.m in Sources */,
				A8479BCF1EC99E3400E0ACF4 /* WBAnimalJump.m in Sources */,
				E9ED9D471ECDEF5B00F5481B /* BirdViewController.m in Sources */,
				A8479BA81EC95C8F00E0ACF4 /* WBTabBar.m in Sources */,
				A88F17BD1ECBF7FE00F93BDA /* registeVC.m in Sources */,
				E94F76A51ECB471B0086FBAE /* NewsViewController.m in Sources */,
				A8479BA31EC95BA700E0ACF4 /* main.m in Sources */,
				A88F17C41ECC507C00F93BDA /* WBCircleHeaderView.m in Sources */,
				A8479BB31EC97DA300E0ACF4 /* WBMineVC.m in Sources */,
				E9ED9D441ECDEF5100F5481B /* RatViewController.m in Sources */,
				E9ED9D4A1ECDEF6900F5481B /* FishViewController.m in Sources */,
				A88F17CA1ECC6C7700F93BDA /* WBCircleCell.m in Sources */,
			);
			runOnlyForDeploymentPostprocessing = 0;
		};
		A8479B781EC9595500E0ACF4 /* Sources */ = {
			isa = PBXSourcesBuildPhase;
			buildActionMask = 2147483647;
			files = (
				A8479B811EC9595500E0ACF4 /* animalShopTests.m in Sources */,
			);
			runOnlyForDeploymentPostprocessing = 0;
		};
		A8479B831EC9595500E0ACF4 /* Sources */ = {
			isa = PBXSourcesBuildPhase;
			buildActionMask = 2147483647;
			files = (
				A8479B8C1EC9595500E0ACF4 /* animalShopUITests.m in Sources */,
			);
			runOnlyForDeploymentPostprocessing = 0;
		};
/* End PBXSourcesBuildPhase section */

/* Begin PBXTargetDependency section */
		A8479B7E1EC9595500E0ACF4 /* PBXTargetDependency */ = {
			isa = PBXTargetDependency;
			target = A8479B621EC9595300E0ACF4 /* animalShop */;
			targetProxy = A8479B7D1EC9595500E0ACF4 /* PBXContainerItemProxy */;
		};
		A8479B891EC9595500E0ACF4 /* PBXTargetDependency */ = {
			isa = PBXTargetDependency;
			target = A8479B621EC9595300E0ACF4 /* animalShop */;
			targetProxy = A8479B881EC9595500E0ACF4 /* PBXContainerItemProxy */;
		};
/* End PBXTargetDependency section */

/* Begin PBXVariantGroup section */
		A8479B6F1EC9595400E0ACF4 /* Main.storyboard */ = {
			isa = PBXVariantGroup;
			children = (
				A8479B701EC9595400E0ACF4 /* Base */,
			);
			name = Main.storyboard;
			sourceTree = "<group>";
		};
		A8479B741EC9595400E0ACF4 /* LaunchScreen.storyboard */ = {
			isa = PBXVariantGroup;
			children = (
				A8479B751EC9595400E0ACF4 /* Base */,
			);
			name = LaunchScreen.storyboard;
			sourceTree = "<group>";
		};
/* End PBXVariantGroup section */

/* Begin XCBuildConfiguration section */
		A8479B8E1EC9595500E0ACF4 /* Debug */ = {
			isa = XCBuildConfiguration;
			buildSettings = {
				ALWAYS_SEARCH_USER_PATHS = NO;
				CLANG_ANALYZER_NONNULL = YES;
				CLANG_CXX_LANGUAGE_STANDARD = "gnu++0x";
				CLANG_CXX_LIBRARY = "libc++";
				CLANG_ENABLE_MODULES = YES;
				CLANG_ENABLE_OBJC_ARC = YES;
				CLANG_WARN_BOOL_CONVERSION = YES;
				CLANG_WARN_CONSTANT_CONVERSION = YES;
				CLANG_WARN_DIRECT_OBJC_ISA_USAGE = YES_ERROR;
				CLANG_WARN_DOCUMENTATION_COMMENTS = YES;
				CLANG_WARN_EMPTY_BODY = YES;
				CLANG_WARN_ENUM_CONVERSION = YES;
				CLANG_WARN_INFINITE_RECURSION = YES;
				CLANG_WARN_INT_CONVERSION = YES;
				CLANG_WARN_OBJC_ROOT_CLASS = YES_ERROR;
				CLANG_WARN_SUSPICIOUS_MOVE = YES;
				CLANG_WARN_UNREACHABLE_CODE = YES;
				CLANG_WARN__DUPLICATE_METHOD_MATCH = YES;
				"CODE_SIGN_IDENTITY[sdk=iphoneos*]" = "iPhone Developer";
				COPY_PHASE_STRIP = NO;
				DEBUG_INFORMATION_FORMAT = dwarf;
				ENABLE_STRICT_OBJC_MSGSEND = YES;
				ENABLE_TESTABILITY = YES;
				GCC_C_LANGUAGE_STANDARD = gnu99;
				GCC_DYNAMIC_NO_PIC = NO;
				GCC_NO_COMMON_BLOCKS = YES;
				GCC_OPTIMIZATION_LEVEL = 0;
				GCC_PREPROCESSOR_DEFINITIONS = (
					"DEBUG=1",
					"$(inherited)",
				);
				GCC_WARN_64_TO_32_BIT_CONVERSION = YES;
				GCC_WARN_ABOUT_RETURN_TYPE = YES_ERROR;
				GCC_WARN_UNDECLARED_SELECTOR = YES;
				GCC_WARN_UNINITIALIZED_AUTOS = YES_AGGRESSIVE;
				GCC_WARN_UNUSED_FUNCTION = YES;
				GCC_WARN_UNUSED_VARIABLE = YES;
				IPHONEOS_DEPLOYMENT_TARGET = 10.2;
				MTL_ENABLE_DEBUG_INFO = YES;
				ONLY_ACTIVE_ARCH = YES;
				SDKROOT = iphoneos;
			};
			name = Debug;
		};
		A8479B8F1EC9595500E0ACF4 /* Release */ = {
			isa = XCBuildConfiguration;
			buildSettings = {
				ALWAYS_SEARCH_USER_PATHS = NO;
				CLANG_ANALYZER_NONNULL = YES;
				CLANG_CXX_LANGUAGE_STANDARD = "gnu++0x";
				CLANG_CXX_LIBRARY = "libc++";
				CLANG_ENABLE_MODULES = YES;
				CLANG_ENABLE_OBJC_ARC = YES;
				CLANG_WARN_BOOL_CONVERSION = YES;
				CLANG_WARN_CONSTANT_CONVERSION = YES;
				CLANG_WARN_DIRECT_OBJC_ISA_USAGE = YES_ERROR;
				CLANG_WARN_DOCUMENTATION_COMMENTS = YES;
				CLANG_WARN_EMPTY_BODY = YES;
				CLANG_WARN_ENUM_CONVERSION = YES;
				CLANG_WARN_INFINITE_RECURSION = YES;
				CLANG_WARN_INT_CONVERSION = YES;
				CLANG_WARN_OBJC_ROOT_CLASS = YES_ERROR;
				CLANG_WARN_SUSPICIOUS_MOVE = YES;
				CLANG_WARN_UNREACHABLE_CODE = YES;
				CLANG_WARN__DUPLICATE_METHOD_MATCH = YES;
				"CODE_SIGN_IDENTITY[sdk=iphoneos*]" = "iPhone Developer";
				COPY_PHASE_STRIP = NO;
				DEBUG_INFORMATION_FORMAT = "dwarf-with-dsym";
				ENABLE_NS_ASSERTIONS = NO;
				ENABLE_STRICT_OBJC_MSGSEND = YES;
				GCC_C_LANGUAGE_STANDARD = gnu99;
				GCC_NO_COMMON_BLOCKS = YES;
				GCC_WARN_64_TO_32_BIT_CONVERSION = YES;
				GCC_WARN_ABOUT_RETURN_TYPE = YES_ERROR;
				GCC_WARN_UNDECLARED_SELECTOR = YES;
				GCC_WARN_UNINITIALIZED_AUTOS = YES_AGGRESSIVE;
				GCC_WARN_UNUSED_FUNCTION = YES;
				GCC_WARN_UNUSED_VARIABLE = YES;
				IPHONEOS_DEPLOYMENT_TARGET = 10.2;
				MTL_ENABLE_DEBUG_INFO = NO;
				SDKROOT = iphoneos;
				VALIDATE_PRODUCT = YES;
			};
			name = Release;
		};
		A8479B911EC9595500E0ACF4 /* Debug */ = {
			isa = XCBuildConfiguration;
			baseConfigurationReference = 77560CB81CE30DE682335C7D /* Pods-animalShop.debug.xcconfig */;
			buildSettings = {
				ASSETCATALOG_COMPILER_APPICON_NAME = AppIcon;
				DEVELOPMENT_TEAM = AQG7L8JAY2;
				GCC_PREFIX_HEADER = animalShop/PrefixHeader.pch;
				INFOPLIST_FILE = "$(SRCROOT)/animalShop/other/Info.plist";
				IPHONEOS_DEPLOYMENT_TARGET = 9.1;
				LD_RUNPATH_SEARCH_PATHS = "$(inherited) @executable_path/Frameworks";
				PRODUCT_BUNDLE_IDENTIFIER = com.shuangwu.animalShop;
				PRODUCT_NAME = "$(TARGET_NAME)";
			};
			name = Debug;
		};
		A8479B921EC9595500E0ACF4 /* Release */ = {
			isa = XCBuildConfiguration;
			baseConfigurationReference = BAEFD5E3DFE6A1E4481C6E41 /* Pods-animalShop.release.xcconfig */;
			buildSettings = {
				ASSETCATALOG_COMPILER_APPICON_NAME = AppIcon;
				DEVELOPMENT_TEAM = AQG7L8JAY2;
				GCC_PREFIX_HEADER = animalShop/PrefixHeader.pch;
				INFOPLIST_FILE = "$(SRCROOT)/animalShop/other/Info.plist";
				IPHONEOS_DEPLOYMENT_TARGET = 9.1;
				LD_RUNPATH_SEARCH_PATHS = "$(inherited) @executable_path/Frameworks";
				PRODUCT_BUNDLE_IDENTIFIER = com.shuangwu.animalShop;
				PRODUCT_NAME = "$(TARGET_NAME)";
			};
			name = Release;
		};
		A8479B941EC9595500E0ACF4 /* Debug */ = {
			isa = XCBuildConfiguration;
			buildSettings = {
				BUNDLE_LOADER = "$(TEST_HOST)";
				DEVELOPMENT_TEAM = AQG7L8JAY2;
				INFOPLIST_FILE = animalShopTests/Info.plist;
				LD_RUNPATH_SEARCH_PATHS = "$(inherited) @executable_path/Frameworks @loader_path/Frameworks";
				PRODUCT_BUNDLE_IDENTIFIER = com.shuangwu.animalShopTests;
				PRODUCT_NAME = "$(TARGET_NAME)";
				TEST_HOST = "$(BUILT_PRODUCTS_DIR)/animalShop.app/animalShop";
			};
			name = Debug;
		};
		A8479B951EC9595500E0ACF4 /* Release */ = {
			isa = XCBuildConfiguration;
			buildSettings = {
				BUNDLE_LOADER = "$(TEST_HOST)";
				DEVELOPMENT_TEAM = AQG7L8JAY2;
				INFOPLIST_FILE = animalShopTests/Info.plist;
				LD_RUNPATH_SEARCH_PATHS = "$(inherited) @executable_path/Frameworks @loader_path/Frameworks";
				PRODUCT_BUNDLE_IDENTIFIER = com.shuangwu.animalShopTests;
				PRODUCT_NAME = "$(TARGET_NAME)";
				TEST_HOST = "$(BUILT_PRODUCTS_DIR)/animalShop.app/animalShop";
			};
			name = Release;
		};
		A8479B971EC9595500E0ACF4 /* Debug */ = {
			isa = XCBuildConfiguration;
			buildSettings = {
				DEVELOPMENT_TEAM = AQG7L8JAY2;
				INFOPLIST_FILE = animalShopUITests/Info.plist;
				LD_RUNPATH_SEARCH_PATHS = "$(inherited) @executable_path/Frameworks @loader_path/Frameworks";
				PRODUCT_BUNDLE_IDENTIFIER = com.shuangwu.animalShopUITests;
				PRODUCT_NAME = "$(TARGET_NAME)";
				TEST_TARGET_NAME = animalShop;
			};
			name = Debug;
		};
		A8479B981EC9595500E0ACF4 /* Release */ = {
			isa = XCBuildConfiguration;
			buildSettings = {
				DEVELOPMENT_TEAM = AQG7L8JAY2;
				INFOPLIST_FILE = animalShopUITests/Info.plist;
				LD_RUNPATH_SEARCH_PATHS = "$(inherited) @executable_path/Frameworks @loader_path/Frameworks";
				PRODUCT_BUNDLE_IDENTIFIER = com.shuangwu.animalShopUITests;
				PRODUCT_NAME = "$(TARGET_NAME)";
				TEST_TARGET_NAME = animalShop;
			};
			name = Release;
		};
/* End XCBuildConfiguration section */

/* Begin XCConfigurationList section */
		A8479B5E1EC9595300E0ACF4 /* Build configuration list for PBXProject "animalShop" */ = {
			isa = XCConfigurationList;
			buildConfigurations = (
				A8479B8E1EC9595500E0ACF4 /* Debug */,
				A8479B8F1EC9595500E0ACF4 /* Release */,
			);
			defaultConfigurationIsVisible = 0;
			defaultConfigurationName = Release;
		};
		A8479B901EC9595500E0ACF4 /* Build configuration list for PBXNativeTarget "animalShop" */ = {
			isa = XCConfigurationList;
			buildConfigurations = (
				A8479B911EC9595500E0ACF4 /* Debug */,
				A8479B921EC9595500E0ACF4 /* Release */,
			);
			defaultConfigurationIsVisible = 0;
			defaultConfigurationName = Release;
		};
		A8479B931EC9595500E0ACF4 /* Build configuration list for PBXNativeTarget "animalShopTests" */ = {
			isa = XCConfigurationList;
			buildConfigurations = (
				A8479B941EC9595500E0ACF4 /* Debug */,
				A8479B951EC9595500E0ACF4 /* Release */,
			);
			defaultConfigurationIsVisible = 0;
			defaultConfigurationName = Release;
		};
		A8479B961EC9595500E0ACF4 /* Build configuration list for PBXNativeTarget "animalShopUITests" */ = {
			isa = XCConfigurationList;
			buildConfigurations = (
				A8479B971EC9595500E0ACF4 /* Debug */,
				A8479B981EC9595500E0ACF4 /* Release */,
			);
			defaultConfigurationIsVisible = 0;
			defaultConfigurationName = Release;
		};
/* End XCConfigurationList section */
	};
	rootObject = A8479B5B1EC9595300E0ACF4 /* Project object */;
}
